# This file is generated by running "yarn install" inside your project.
# Manual changes might be lost - proceed with caution!

__metadata:
  version: 7
  cacheKey: 9

"@types/react@npm:^19.0.0":
  version: 19.0.8
  resolution: "@types/react@npm:19.0.8"
  dependencies:
    csstype: "npm:^3.0.2"
  checksum: 53978e731a434ac8811dc518e69db0a977e3800eaa2ec45fccd5481460908c05999c3f1041456e99c4192fc8c28bb1e9f87ce154e70e445cac721f3266997c1f
  languageName: node
  linkType: hard

"csstype@npm:^3.0.2":
  version: 3.1.3
  resolution: "csstype@npm:3.1.3"
  checksum: 1120abdcdd812ca40d3efe7dc02b8fd7fb98f87d90e0005c7bdd47d5c1018b59e24f5456d5486d0ec988c18d7960621d900bec3fb51fb04a2c60d5f7277b695e
  languageName: node
  linkType: hard

"react-weglot@workspace:.":
  version: 0.0.0-use.local
  resolution: "react-weglot@workspace:."
  dependencies:
    "@types/react": "npm:^19.0.0"
    typescript: "npm:^5.7.3"
  peerDependencies:
    react: ^19.0.0
  languageName: unknown
  linkType: soft

"typescript@npm:^5.7.3":
  version: 5.7.3
  resolution: "typescript@npm:5.7.3"
  bin:
    tsc: bin/tsc
    tsserver: bin/tsserver
  checksum: 273faf89761e11a07436537c420662840be800c08712282c36e161181adf380524db5d36825922a5645b9c9ac03fa43d716eca6423eca3fd5141a6f678dacec7
  languageName: node
  linkType: hard

"typescript@patch:typescript@npm%3A^5.7.3#optional!builtin<compat/typescript>":
  version: 5.7.3
  resolution: "typescript@patch:typescript@npm%3A5.7.3#optional!builtin<compat/typescript>::version=5.7.3&hash=1f5320"
  bin:
    tsc: bin/tsc
    tsserver: bin/tsserver
  checksum: e0f993b468af3dfb46cf10046f0674350fb898c075633ce4842ef42ffd35a7de415201ec502e3a2c433765f73d37672e892dd0a8ef2df7db81ace24ffbf2106f
  languageName: node
  linkType: hard
