# This file is generated by running "yarn install" inside your project.
# Manual changes might be lost - proceed with caution!

__metadata:
  version: 7
  cacheKey: 9

"@types/prop-types@npm:*":
  version: 15.7.12
  resolution: "@types/prop-types@npm:15.7.12"
  checksum: 3aec97c40399574717681644676b2a515efea63010be91cac74b45dbb29b81ca13daa357f7dff100730849d49b40e54037df562c3fcea4186d6c1d1a73ba7a09
  languageName: node
  linkType: hard

"@types/react@npm:^18.2.72":
  version: 18.3.3
  resolution: "@types/react@npm:18.3.3"
  dependencies:
    "@types/prop-types": "npm:*"
    csstype: "npm:^3.0.2"
  checksum: e005766b6b2f18f02261de8206018fccf234b455c0b9fb4ddb5ddc3c0896f0e8553041473e9b7866a9375be28531ec99369d5fd4136ec2772ff684da85d89154
  languageName: node
  linkType: hard

"csstype@npm:^3.0.2":
  version: 3.1.3
  resolution: "csstype@npm:3.1.3"
  checksum: 1120abdcdd812ca40d3efe7dc02b8fd7fb98f87d90e0005c7bdd47d5c1018b59e24f5456d5486d0ec988c18d7960621d900bec3fb51fb04a2c60d5f7277b695e
  languageName: node
  linkType: hard

"react-weglot@workspace:.":
  version: 0.0.0-use.local
  resolution: "react-weglot@workspace:."
  dependencies:
    "@types/react": "npm:^18.2.72"
    typescript: "npm:^5.4.3"
  peerDependencies:
    react: ^19.0.0
  languageName: unknown
  linkType: soft

"typescript@npm:^5.4.3":
  version: 5.5.4
  resolution: "typescript@npm:5.5.4"
  bin:
    tsc: bin/tsc
    tsserver: bin/tsserver
  checksum: 7151bcf2453f5ec1c0033f43207fb78a355af53d7cf577baf334f4ddd837fd8deec5c68115e4e0591097eb281a13e0fd9e4c38b65608e93c4ba34514b66d2956
  languageName: node
  linkType: hard

"typescript@patch:typescript@npm%3A^5.4.3#optional!builtin<compat/typescript>":
  version: 5.5.4
  resolution: "typescript@patch:typescript@npm%3A5.5.4#optional!builtin<compat/typescript>::version=5.5.4&hash=1f5320"
  bin:
    tsc: bin/tsc
    tsserver: bin/tsserver
  checksum: d395a76bf89753531afc686807794535bab55ab06d34ba1917df2f89d8780a7c6592554c1c2880bb7bf126c990626471bc186df10bccb87af17f59036765551c
  languageName: node
  linkType: hard
